
Microsoft Visual Studio Solution File, Format Version 12.00
# Visual Studio Version 17
VisualStudioVersion = 17.13.35931.197 d17.13
MinimumVisualStudioVersion = 10.0.40219.1
Project("{FAE04EC0-301F-11D3-BF4B-00C04F79EFBC}") = "Gestion_De_Obras", "Gestion_De_Obras\Gestion_De_Obras.csproj", "{51964E38-C6AE-40BC-8241-24004E154FEE}"
EndProject
Global
	GlobalSection(SolutionConfigurationPlatforms) = preSolution
		Debug|Any CPU = Debug|Any CPU
		Release|Any CPU = Release|Any CPU
	EndGlobalSection
	GlobalSection(ProjectConfigurationPlatforms) = postSolution
		{51964E38-C6AE-40BC-8241-24004E154FEE}.Debug|Any CPU.ActiveCfg = Debug|Any CPU
		{51964E38-C6AE-40BC-8241-24004E154FEE}.Debug|Any CPU.Build.0 = Debug|Any CPU
		{51964E38-C6AE-40BC-8241-24004E154FEE}.Release|Any CPU.ActiveCfg = Release|Any CPU
		{51964E38-C6AE-40BC-8241-24004E154FEE}.Release|Any CPU.Build.0 = Release|Any CPU
	EndGlobalSection
	GlobalSection(SolutionProperties) = preSolution
		HideSolutionNode = FALSE
	EndGlobalSection
	GlobalSection(ExtensibilityGlobals) = postSolution
		SolutionGuid = {0EC6D2ED-54F8-421F-929E-D2B8584A7B9D}
	EndGlobalSection
EndGlobal
